
Microsoft Visual Studio Solution File, Format Version 12.00
# Visual Studio Version 16
VisualStudioVersion = 16.0.31005.135
MinimumVisualStudioVersion = 10.0.40219.1
Project("{2150E333-8FDC-42A3-9474-1A3956D46DE8}") = "Services", "Services", "{DA86247F-C500-4695-A33C-47A9713495D0}"
EndProject
Project("{2150E333-8FDC-42A3-9474-1A3956D46DE8}") = "Basket", "Basket", "{60B1FA16-A6EC-444B-A793-9BA09587374C}"
EndProject
Project("{9A19103F-16F7-4668-BE54-9A1E7A4F7556}") = "Basket.API", "Services\Basket\Basket.API\Basket.API.csproj", "{5E50AD52-570A-436D-9D1C-6BE4605BDBE2}"
EndProject
Project("{E53339B2-1760-4266-BCC7-CA923CBCF16C}") = "docker-compose", "docker-compose.dcproj", "{53900ED8-7229-43F4-8936-4FCA7D24A8DB}"
EndProject
Global
	GlobalSection(SolutionConfigurationPlatforms) = preSolution
		Debug|Any CPU = Debug|Any CPU
		Release|Any CPU = Release|Any CPU
	EndGlobalSection
	GlobalSection(ProjectConfigurationPlatforms) = postSolution
		{5E50AD52-570A-436D-9D1C-6BE4605BDBE2}.Debug|Any CPU.ActiveCfg = Debug|Any CPU
		{5E50AD52-570A-436D-9D1C-6BE4605BDBE2}.Debug|Any CPU.Build.0 = Debug|Any CPU
		{5E50AD52-570A-436D-9D1C-6BE4605BDBE2}.Release|Any CPU.ActiveCfg = Release|Any CPU
		{5E50AD52-570A-436D-9D1C-6BE4605BDBE2}.Release|Any CPU.Build.0 = Release|Any CPU
		{53900ED8-7229-43F4-8936-4FCA7D24A8DB}.Debug|Any CPU.ActiveCfg = Debug|Any CPU
		{53900ED8-7229-43F4-8936-4FCA7D24A8DB}.Debug|Any CPU.Build.0 = Debug|Any CPU
		{53900ED8-7229-43F4-8936-4FCA7D24A8DB}.Release|Any CPU.ActiveCfg = Release|Any CPU
		{53900ED8-7229-43F4-8936-4FCA7D24A8DB}.Release|Any CPU.Build.0 = Release|Any CPU
	EndGlobalSection
	GlobalSection(SolutionProperties) = preSolution
		HideSolutionNode = FALSE
	EndGlobalSection
	GlobalSection(NestedProjects) = preSolution
		{60B1FA16-A6EC-444B-A793-9BA09587374C} = {DA86247F-C500-4695-A33C-47A9713495D0}
		{5E50AD52-570A-436D-9D1C-6BE4605BDBE2} = {60B1FA16-A6EC-444B-A793-9BA09587374C}
	EndGlobalSection
	GlobalSection(ExtensibilityGlobals) = postSolution
		SolutionGuid = {3AD20D59-9A18-4741-BCA2-EEE808012E1C}
	EndGlobalSection
EndGlobal
